// !$*UTF8*$!
{
	archiveVersion = 1;
	classes = {
	};
	objectVersion = 56;
	objects = {

/* Begin PBXBuildFile section */
		617D17F62B6F5E26002AC374 /* SystemIcons.swift in Sources */ = {isa = PBXBuildFile; fileRef = 617D17F52B6F5E26002AC374 /* SystemIcons.swift */; };
		617D17FA2B6F6971002AC374 /* SwiftImages.swift in Sources */ = {isa = PBXBuildFile; fileRef = 617D17F92B6F6971002AC374 /* SwiftImages.swift */; };
		617D17FC2B6F702E002AC374 /* SwiftFrameImportant.swift in Sources */ = {isa = PBXBuildFile; fileRef = 617D17FB2B6F702E002AC374 /* SwiftFrameImportant.swift */; };
		617D3FC62B6E892D00348706 /* Colors.swift in Sources */ = {isa = PBXBuildFile; fileRef = 617D3FC52B6E892D00348706 /* Colors.swift */; };
		617D3FC82B6E968C00348706 /* Gradient.swift in Sources */ = {isa = PBXBuildFile; fileRef = 617D3FC72B6E968C00348706 /* Gradient.swift */; };
		61C85E282B6FA0370056BEE5 /* SwiftBackgroundAndOverlay.swift in Sources */ = {isa = PBXBuildFile; fileRef = 61C85E272B6FA0370056BEE5 /* SwiftBackgroundAndOverlay.swift */; };
		61E6199C2B6E314F008E4BA0 /* TextDemoApp.swift in Sources */ = {isa = PBXBuildFile; fileRef = 61E6199B2B6E314F008E4BA0 /* TextDemoApp.swift */; };
		61E6199E2B6E314F008E4BA0 /* ContentView.swift in Sources */ = {isa = PBXBuildFile; fileRef = 61E6199D2B6E314F008E4BA0 /* ContentView.swift */; };
		61E619A02B6E3150008E4BA0 /* Assets.xcassets in Resources */ = {isa = PBXBuildFile; fileRef = 61E6199F2B6E3150008E4BA0 /* Assets.xcassets */; };
		61E619A32B6E3150008E4BA0 /* Preview Assets.xcassets in Resources */ = {isa = PBXBuildFile; fileRef = 61E619A22B6E3150008E4BA0 /* Preview Assets.xcassets */; };
		61E619AA2B6E393F008E4BA0 /* Shapes.swift in Sources */ = {isa = PBXBuildFile; fileRef = 61E619A92B6E393F008E4BA0 /* Shapes.swift */; };
/* End PBXBuildFile section */

/* Begin PBXFileReference section */
		617D17F52B6F5E26002AC374 /* SystemIcons.swift */ = {isa = PBXFileReference; lastKnownFileType = sourcecode.swift; path = SystemIcons.swift; sourceTree = "<group>"; };
		617D17F92B6F6971002AC374 /* SwiftImages.swift */ = {isa = PBXFileReference; lastKnownFileType = sourcecode.swift; path = SwiftImages.swift; sourceTree = "<group>"; };
		617D17FB2B6F702E002AC374 /* SwiftFrameImportant.swift */ = {isa = PBXFileReference; lastKnownFileType = sourcecode.swift; path = SwiftFrameImportant.swift; sourceTree = "<group>"; };
		617D3FC52B6E892D00348706 /* Colors.swift */ = {isa = PBXFileReference; lastKnownFileType = sourcecode.swift; path = Colors.swift; sourceTree = "<group>"; };
		617D3FC72B6E968C00348706 /* Gradient.swift */ = {isa = PBXFileReference; lastKnownFileType = sourcecode.swift; path = Gradient.swift; sourceTree = "<group>"; };
		61C85E272B6FA0370056BEE5 /* SwiftBackgroundAndOverlay.swift */ = {isa = PBXFileReference; lastKnownFileType = sourcecode.swift; path = SwiftBackgroundAndOverlay.swift; sourceTree = "<group>"; };
		61E619982B6E314F008E4BA0 /* TextDemo.app */ = {isa = PBXFileReference; explicitFileType = wrapper.application; includeInIndex = 0; path = TextDemo.app; sourceTree = BUILT_PRODUCTS_DIR; };
		61E6199B2B6E314F008E4BA0 /* TextDemoApp.swift */ = {isa = PBXFileReference; lastKnownFileType = sourcecode.swift; path = TextDemoApp.swift; sourceTree = "<group>"; };
		61E6199D2B6E314F008E4BA0 /* ContentView.swift */ = {isa = PBXFileReference; lastKnownFileType = sourcecode.swift; path = ContentView.swift; sourceTree = "<group>"; };
		61E6199F2B6E3150008E4BA0 /* Assets.xcassets */ = {isa = PBXFileReference; lastKnownFileType = folder.assetcatalog; path = Assets.xcassets; sourceTree = "<group>"; };
		61E619A22B6E3150008E4BA0 /* Preview Assets.xcassets */ = {isa = PBXFileReference; lastKnownFileType = folder.assetcatalog; path = "Preview Assets.xcassets"; sourceTree = "<group>"; };
		61E619A92B6E393F008E4BA0 /* Shapes.swift */ = {isa = PBXFileReference; lastKnownFileType = sourcecode.swift; path = Shapes.swift; sourceTree = "<group>"; };
/* End PBXFileReference section */

/* Begin PBXFrameworksBuildPhase section */
		61E619952B6E314F008E4BA0 /* Frameworks */ = {
			isa = PBXFrameworksBuildPhase;
			buildActionMask = 2147483647;
			files = (
			);
			runOnlyForDeploymentPostprocessing = 0;
		};
/* End PBXFrameworksBuildPhase section */

/* Begin PBXGroup section */
		61E6198F2B6E314F008E4BA0 = {
			isa = PBXGroup;
			children = (
				61E6199A2B6E314F008E4BA0 /* TextDemo */,
				61E619992B6E314F008E4BA0 /* Products */,
			);
			sourceTree = "<group>";
		};
		61E619992B6E314F008E4BA0 /* Products */ = {
			isa = PBXGroup;
			children = (
				61E619982B6E314F008E4BA0 /* TextDemo.app */,
			);
			name = Products;
			sourceTree = "<group>";
		};
		61E6199A2B6E314F008E4BA0 /* TextDemo */ = {
			isa = PBXGroup;
			children = (
				61E6199B2B6E314F008E4BA0 /* TextDemoApp.swift */,
				61E6199D2B6E314F008E4BA0 /* ContentView.swift */,
				61E619A92B6E393F008E4BA0 /* Shapes.swift */,
				617D3FC52B6E892D00348706 /* Colors.swift */,
				617D3FC72B6E968C00348706 /* Gradient.swift */,
				617D17F52B6F5E26002AC374 /* SystemIcons.swift */,
				617D17F92B6F6971002AC374 /* SwiftImages.swift */,
				617D17FB2B6F702E002AC374 /* SwiftFrameImportant.swift */,
				61C85E272B6FA0370056BEE5 /* SwiftBackgroundAndOverlay.swift */,
				61E6199F2B6E3150008E4BA0 /* Assets.xcassets */,
				61E619A12B6E3150008E4BA0 /* Preview Content */,
			);
			path = TextDemo;
			sourceTree = "<group>";
		};
		61E619A12B6E3150008E4BA0 /* Preview Content */ = {
			isa = PBXGroup;
			children = (
				61E619A22B6E3150008E4BA0 /* Preview Assets.xcassets */,
			);
			path = "Preview Content";
			sourceTree = "<group>";
		};
/* End PBXGroup section */

/* Begin PBXNativeTarget section */
		61E619972B6E314F008E4BA0 /* TextDemo */ = {
			isa = PBXNativeTarget;
			buildConfigurationList = 61E619A62B6E3150008E4BA0 /* Build configuration list for PBXNativeTarget "TextDemo" */;
			buildPhases = (
				61E619942B6E314F008E4BA0 /* Sources */,
				61E619952B6E314F008E4BA0 /* Frameworks */,
				61E619962B6E314F008E4BA0 /* Resources */,
			);
			buildRules = (
			);
			dependencies = (
			);
			name = TextDemo;
			productName = TextDemo;
			productReference = 61E619982B6E314F008E4BA0 /* TextDemo.app */;
			productType = "com.apple.product-type.application";
		};
/* End PBXNativeTarget section */

/* Begin PBXProject section */
		61E619902B6E314F008E4BA0 /* Project object */ = {
			isa = PBXProject;
			attributes = {
				BuildIndependentTargetsInParallel = 1;
				LastSwiftUpdateCheck = 1520;
				LastUpgradeCheck = 1520;
				TargetAttributes = {
					61E619972B6E314F008E4BA0 = {
						CreatedOnToolsVersion = 15.2;
					};
				};
			};
			buildConfigurationList = 61E619932B6E314F008E4BA0 /* Build configuration list for PBXProject "TextDemo" */;
			compatibilityVersion = "Xcode 14.0";
			developmentRegion = en;
			hasScannedForEncodings = 0;
			knownRegions = (
				en,
				Base,
			);
			mainGroup = 61E6198F2B6E314F008E4BA0;
			productRefGroup = 61E619992B6E314F008E4BA0 /* Products */;
			projectDirPath = "";
			projectRoot = "";
			targets = (
				61E619972B6E314F008E4BA0 /* TextDemo */,
			);
		};
/* End PBXProject section */

/* Begin PBXResourcesBuildPhase section */
		61E619962B6E314F008E4BA0 /* Resources */ = {
			isa = PBXResourcesBuildPhase;
			buildActionMask = 2147483647;
			files = (
				61E619A32B6E3150008E4BA0 /* Preview Assets.xcassets in Resources */,
				61E619A02B6E3150008E4BA0 /* Assets.xcassets in Resources */,
			);
			runOnlyForDeploymentPostprocessing = 0;
		};
/* End PBXResourcesBuildPhase section */

/* Begin PBXSourcesBuildPhase section */
		61E619942B6E314F008E4BA0 /* Sources */ = {
			isa = PBXSourcesBuildPhase;
			buildActionMask = 2147483647;
			files = (
				61C85E282B6FA0370056BEE5 /* SwiftBackgroundAndOverlay.swift in Sources */,
				617D3FC82B6E968C00348706 /* Gradient.swift in Sources */,
				617D17FA2B6F6971002AC374 /* SwiftImages.swift in Sources */,
				617D17FC2B6F702E002AC374 /* SwiftFrameImportant.swift in Sources */,
				61E6199E2B6E314F008E4BA0 /* ContentView.swift in Sources */,
				617D17F62B6F5E26002AC374 /* SystemIcons.swift in Sources */,
				617D3FC62B6E892D00348706 /* Colors.swift in Sources */,
				61E6199C2B6E314F008E4BA0 /* TextDemoApp.swift in Sources */,
				61E619AA2B6E393F008E4BA0 /* Shapes.swift in Sources */,
			);
			runOnlyForDeploymentPostprocessing = 0;
		};
/* End PBXSourcesBuildPhase section */

/* Begin XCBuildConfiguration section */
		61E619A42B6E3150008E4BA0 /* Debug */ = {
			isa = XCBuildConfiguration;
			buildSettings = {
				ALWAYS_SEARCH_USER_PATHS = NO;
				ASSETCATALOG_COMPILER_GENERATE_SWIFT_ASSET_SYMBOL_EXTENSIONS = YES;
				CLANG_ANALYZER_NONNULL = YES;
				CLANG_ANALYZER_NUMBER_OBJECT_CONVERSION = YES_AGGRESSIVE;
				CLANG_CXX_LANGUAGE_STANDARD = "gnu++20";
				CLANG_ENABLE_MODULES = YES;
				CLANG_ENABLE_OBJC_ARC = YES;
				CLANG_ENABLE_OBJC_WEAK = YES;
				CLANG_WARN_BLOCK_CAPTURE_AUTORELEASING = YES;
				CLANG_WARN_BOOL_CONVERSION = YES;
				CLANG_WARN_COMMA = YES;
				CLANG_WARN_CONSTANT_CONVERSION = YES;
				CLANG_WARN_DEPRECATED_OBJC_IMPLEMENTATIONS = YES;
				CLANG_WARN_DIRECT_OBJC_ISA_USAGE = YES_ERROR;
				CLANG_WARN_DOCUMENTATION_COMMENTS = YES;
				CLANG_WARN_EMPTY_BODY = YES;
				CLANG_WARN_ENUM_CONVERSION = YES;
				CLANG_WARN_INFINITE_RECURSION = YES;
				CLANG_WARN_INT_CONVERSION = YES;
				CLANG_WARN_NON_LITERAL_NULL_CONVERSION = YES;
				CLANG_WARN_OBJC_IMPLICIT_RETAIN_SELF = YES;
				CLANG_WARN_OBJC_LITERAL_CONVERSION = YES;
				CLANG_WARN_OBJC_ROOT_CLASS = YES_ERROR;
				CLANG_WARN_QUOTED_INCLUDE_IN_FRAMEWORK_HEADER = YES;
				CLANG_WARN_RANGE_LOOP_ANALYSIS = YES;
				CLANG_WARN_STRICT_PROTOTYPES = YES;
				CLANG_WARN_SUSPICIOUS_MOVE = YES;
				CLANG_WARN_UNGUARDED_AVAILABILITY = YES_AGGRESSIVE;
				CLANG_WARN_UNREACHABLE_CODE = YES;
				CLANG_WARN__DUPLICATE_METHOD_MATCH = YES;
				COPY_PHASE_STRIP = NO;
				DEBUG_INFORMATION_FORMAT = dwarf;
				ENABLE_STRICT_OBJC_MSGSEND = YES;
				ENABLE_TESTABILITY = YES;
				ENABLE_USER_SCRIPT_SANDBOXING = YES;
				GCC_C_LANGUAGE_STANDARD = gnu17;
				GCC_DYNAMIC_NO_PIC = NO;
				GCC_NO_COMMON_BLOCKS = YES;
				GCC_OPTIMIZATION_LEVEL = 0;
				GCC_PREPROCESSOR_DEFINITIONS = (
					"DEBUG=1",
					"$(inherited)",
				);
				GCC_WARN_64_TO_32_BIT_CONVERSION = YES;
				GCC_WARN_ABOUT_RETURN_TYPE = YES_ERROR;
				GCC_WARN_UNDECLARED_SELECTOR = YES;
				GCC_WARN_UNINITIALIZED_AUTOS = YES_AGGRESSIVE;
				GCC_WARN_UNUSED_FUNCTION = YES;
				GCC_WARN_UNUSED_VARIABLE = YES;
				IPHONEOS_DEPLOYMENT_TARGET = 17.2;
				LOCALIZATION_PREFERS_STRING_CATALOGS = YES;
				MTL_ENABLE_DEBUG_INFO = INCLUDE_SOURCE;
				MTL_FAST_MATH = YES;
				ONLY_ACTIVE_ARCH = YES;
				SDKROOT = iphoneos;
				SWIFT_ACTIVE_COMPILATION_CONDITIONS = "DEBUG $(inherited)";
				SWIFT_OPTIMIZATION_LEVEL = "-Onone";
			};
			name = Debug;
		};
		61E619A52B6E3150008E4BA0 /* Release */ = {
			isa = XCBuildConfiguration;
			buildSettings = {
				ALWAYS_SEARCH_USER_PATHS = NO;
				ASSETCATALOG_COMPILER_GENERATE_SWIFT_ASSET_SYMBOL_EXTENSIONS = YES;
				CLANG_ANALYZER_NONNULL = YES;
				CLANG_ANALYZER_NUMBER_OBJECT_CONVERSION = YES_AGGRESSIVE;
				CLANG_CXX_LANGUAGE_STANDARD = "gnu++20";
				CLANG_ENABLE_MODULES = YES;
				CLANG_ENABLE_OBJC_ARC = YES;
				CLANG_ENABLE_OBJC_WEAK = YES;
				CLANG_WARN_BLOCK_CAPTURE_AUTORELEASING = YES;
				CLANG_WARN_BOOL_CONVERSION = YES;
				CLANG_WARN_COMMA = YES;
				CLANG_WARN_CONSTANT_CONVERSION = YES;
				CLANG_WARN_DEPRECATED_OBJC_IMPLEMENTATIONS = YES;
				CLANG_WARN_DIRECT_OBJC_ISA_USAGE = YES_ERROR;
				CLANG_WARN_DOCUMENTATION_COMMENTS = YES;
				CLANG_WARN_EMPTY_BODY = YES;
				CLANG_WARN_ENUM_CONVERSION = YES;
				CLANG_WARN_INFINITE_RECURSION = YES;
				CLANG_WARN_INT_CONVERSION = YES;
				CLANG_WARN_NON_LITERAL_NULL_CONVERSION = YES;
				CLANG_WARN_OBJC_IMPLICIT_RETAIN_SELF = YES;
				CLANG_WARN_OBJC_LITERAL_CONVERSION = YES;
				CLANG_WARN_OBJC_ROOT_CLASS = YES_ERROR;
				CLANG_WARN_QUOTED_INCLUDE_IN_FRAMEWORK_HEADER = YES;
				CLANG_WARN_RANGE_LOOP_ANALYSIS = YES;
				CLANG_WARN_STRICT_PROTOTYPES = YES;
				CLANG_WARN_SUSPICIOUS_MOVE = YES;
				CLANG_WARN_UNGUARDED_AVAILABILITY = YES_AGGRESSIVE;
				CLANG_WARN_UNREACHABLE_CODE = YES;
				CLANG_WARN__DUPLICATE_METHOD_MATCH = YES;
				COPY_PHASE_STRIP = NO;
				DEBUG_INFORMATION_FORMAT = "dwarf-with-dsym";
				ENABLE_NS_ASSERTIONS = NO;
				ENABLE_STRICT_OBJC_MSGSEND = YES;
				ENABLE_USER_SCRIPT_SANDBOXING = YES;
				GCC_C_LANGUAGE_STANDARD = gnu17;
				GCC_NO_COMMON_BLOCKS = YES;
				GCC_WARN_64_TO_32_BIT_CONVERSION = YES;
				GCC_WARN_ABOUT_RETURN_TYPE = YES_ERROR;
				GCC_WARN_UNDECLARED_SELECTOR = YES;
				GCC_WARN_UNINITIALIZED_AUTOS = YES_AGGRESSIVE;
				GCC_WARN_UNUSED_FUNCTION = YES;
				GCC_WARN_UNUSED_VARIABLE = YES;
				IPHONEOS_DEPLOYMENT_TARGET = 17.2;
				LOCALIZATION_PREFERS_STRING_CATALOGS = YES;
				MTL_ENABLE_DEBUG_INFO = NO;
				MTL_FAST_MATH = YES;
				SDKROOT = iphoneos;
				SWIFT_COMPILATION_MODE = wholemodule;
				VALIDATE_PRODUCT = YES;
			};
			name = Release;
		};
		61E619A72B6E3150008E4BA0 /* Debug */ = {
			isa = XCBuildConfiguration;
			buildSettings = {
				ASSETCATALOG_COMPILER_APPICON_NAME = AppIcon;
				ASSETCATALOG_COMPILER_GLOBAL_ACCENT_COLOR_NAME = AccentColor;
				CODE_SIGN_STYLE = Automatic;
				CURRENT_PROJECT_VERSION = 1;
				DEVELOPMENT_ASSET_PATHS = "\"TextDemo/Preview Content\"";
				DEVELOPMENT_TEAM = BT9N2LKBZ4;
				ENABLE_PREVIEWS = YES;
				GENERATE_INFOPLIST_FILE = YES;
				INFOPLIST_KEY_UIApplicationSceneManifest_Generation = YES;
				INFOPLIST_KEY_UIApplicationSupportsIndirectInputEvents = YES;
				INFOPLIST_KEY_UILaunchScreen_Generation = YES;
				INFOPLIST_KEY_UISupportedInterfaceOrientations_iPad = "UIInterfaceOrientationPortrait UIInterfaceOrientationPortraitUpsideDown UIInterfaceOrientationLandscapeLeft UIInterfaceOrientationLandscapeRight";
				INFOPLIST_KEY_UISupportedInterfaceOrientations_iPhone = "UIInterfaceOrientationPortrait UIInterfaceOrientationLandscapeLeft UIInterfaceOrientationLandscapeRight";
				LD_RUNPATH_SEARCH_PATHS = (
					"$(inherited)",
					"@executable_path/Frameworks",
				);
				MARKETING_VERSION = 1.0;
				PRODUCT_BUNDLE_IDENTIFIER = com.example.TextDemo;
				PRODUCT_NAME = "$(TARGET_NAME)";
				SWIFT_EMIT_LOC_STRINGS = YES;
				SWIFT_VERSION = 5.0;
				TARGETED_DEVICE_FAMILY = "1,2";
			};
			name = Debug;
		};
		61E619A82B6E3150008E4BA0 /* Release */ = {
			isa = XCBuildConfiguration;
			buildSettings = {
				ASSETCATALOG_COMPILER_APPICON_NAME = AppIcon;
				ASSETCATALOG_COMPILER_GLOBAL_ACCENT_COLOR_NAME = AccentColor;
				CODE_SIGN_STYLE = Automatic;
				CURRENT_PROJECT_VERSION = 1;
				DEVELOPMENT_ASSET_PATHS = "\"TextDemo/Preview Content\"";
				DEVELOPMENT_TEAM = BT9N2LKBZ4;
				ENABLE_PREVIEWS = YES;
				GENERATE_INFOPLIST_FILE = YES;
				INFOPLIST_KEY_UIApplicationSceneManifest_Generation = YES;
				INFOPLIST_KEY_UIApplicationSupportsIndirectInputEvents = YES;
				INFOPLIST_KEY_UILaunchScreen_Generation = YES;
				INFOPLIST_KEY_UISupportedInterfaceOrientations_iPad = "UIInterfaceOrientationPortrait UIInterfaceOrientationPortraitUpsideDown UIInterfaceOrientationLandscapeLeft UIInterfaceOrientationLandscapeRight";
				INFOPLIST_KEY_UISupportedInterfaceOrientations_iPhone = "UIInterfaceOrientationPortrait UIInterfaceOrientationLandscapeLeft UIInterfaceOrientationLandscapeRight";
				LD_RUNPATH_SEARCH_PATHS = (
					"$(inherited)",
					"@executable_path/Frameworks",
				);
				MARKETING_VERSION = 1.0;
				PRODUCT_BUNDLE_IDENTIFIER = com.example.TextDemo;
				PRODUCT_NAME = "$(TARGET_NAME)";
				SWIFT_EMIT_LOC_STRINGS = YES;
				SWIFT_VERSION = 5.0;
				TARGETED_DEVICE_FAMILY = "1,2";
			};
			name = Release;
		};
/* End XCBuildConfiguration section */

/* Begin XCConfigurationList section */
		61E619932B6E314F008E4BA0 /* Build configuration list for PBXProject "TextDemo" */ = {
			isa = XCConfigurationList;
			buildConfigurations = (
				61E619A42B6E3150008E4BA0 /* Debug */,
				61E619A52B6E3150008E4BA0 /* Release */,
			);
			defaultConfigurationIsVisible = 0;
			defaultConfigurationName = Release;
		};
		61E619A62B6E3150008E4BA0 /* Build configuration list for PBXNativeTarget "TextDemo" */ = {
			isa = XCConfigurationList;
			buildConfigurations = (
				61E619A72B6E3150008E4BA0 /* Debug */,
				61E619A82B6E3150008E4BA0 /* Release */,
			);
			defaultConfigurationIsVisible = 0;
			defaultConfigurationName = Release;
		};
/* End XCConfigurationList section */
	};
	rootObject = 61E619902B6E314F008E4BA0 /* Project object */;
}
