PODS:
  - Giphy (2.2.8):
    - libwebp
  - libwebp (1.3.2):
    - libwebp/demux (= 1.3.2)
    - libwebp/mux (= 1.3.2)
    - libwebp/sharpyuv (= 1.3.2)
    - libwebp/webp (= 1.3.2)
  - libwebp/demux (1.3.2):
    - libwebp/webp
  - libwebp/mux (1.3.2):
    - libwebp/demux
  - libwebp/sharpyuv (1.3.2)
  - libwebp/webp (1.3.2):
    - libwebp/sharpyuv

DEPENDENCIES:
  - Giphy

SPEC REPOS:
  trunk:
    - Giphy
    - libwebp

SPEC CHECKSUMS:
  Giphy: f63ab0e2dd819d6288feba07722aaafe8a5fe4b7
  libwebp: 1786c9f4ff8a279e4dac1e8f385004d5fc253009

PODFILE CHECKSUM: 4a23075466a06754feb1b5a711abe7743da9fe03

COCOAPODS: 1.14.3
