// !$*UTF8*$!
{
	archiveVersion = 1;
	classes = {
	};
	objectVersion = 56;
	objects = {

/* Begin PBXBuildFile section */
		6100AB132B980F5B0018008B /* MyWeakSelf.swift in Sources */ = {isa = PBXBuildFile; fileRef = 6100AB122B980F5B0018008B /* MyWeakSelf.swift */; };
		6105F70F2B98F6AC00CB6F30 /* MyTypeAliase.swift in Sources */ = {isa = PBXBuildFile; fileRef = 6105F70E2B98F6AC00CB6F30 /* MyTypeAliase.swift */; };
		6105F7112B98F95700CB6F30 /* MyEscapingClosures.swift in Sources */ = {isa = PBXBuildFile; fileRef = 6105F7102B98F95700CB6F30 /* MyEscapingClosures.swift */; };
		6110950E2B91727500895727 /* MyLocalNotification.swift in Sources */ = {isa = PBXBuildFile; fileRef = 6110950D2B91727500895727 /* MyLocalNotification.swift */; };
		6149161C2B902B630073A4DE /* MySounds.swift in Sources */ = {isa = PBXBuildFile; fileRef = 6149161B2B902B630073A4DE /* MySounds.swift */; };
		614916202B902DE50073A4DE /* tada.mp3 in Resources */ = {isa = PBXBuildFile; fileRef = 6149161E2B902DE50073A4DE /* tada.mp3 */; };
		614916212B902DE50073A4DE /* badum.mp3 in Resources */ = {isa = PBXBuildFile; fileRef = 6149161F2B902DE50073A4DE /* badum.mp3 */; };
		614916232B90305B0073A4DE /* MyHapticsVibration.swift in Sources */ = {isa = PBXBuildFile; fileRef = 614916222B90305B0073A4DE /* MyHapticsVibration.swift */; };
		615CF8FA2B8D067B00412066 /* MyMagnificationGesture.swift in Sources */ = {isa = PBXBuildFile; fileRef = 615CF8F92B8D067B00412066 /* MyMagnificationGesture.swift */; };
		615CF8FC2B8D0F5B00412066 /* MyRotationGesture.swift in Sources */ = {isa = PBXBuildFile; fileRef = 615CF8FB2B8D0F5B00412066 /* MyRotationGesture.swift */; };
		616EF3A52BA699BF0079AD53 /* MyWrappingUIViewInSwiftUIWithCoordinator.swift in Sources */ = {isa = PBXBuildFile; fileRef = 616EF3A42BA699BF0079AD53 /* MyWrappingUIViewInSwiftUIWithCoordinator.swift */; };
		616EF3A82BA6DAEA0079AD53 /* ImageSaver.swift in Sources */ = {isa = PBXBuildFile; fileRef = 616EF3A72BA6DAEA0079AD53 /* ImageSaver.swift */; };
		616EF3AA2BA722A10079AD53 /* MyTimer.swift in Sources */ = {isa = PBXBuildFile; fileRef = 616EF3A92BA722A10079AD53 /* MyTimer.swift */; };
		616EF3AC2BA767710079AD53 /* MyPublisherAndSubscriberInCombine.swift in Sources */ = {isa = PBXBuildFile; fileRef = 616EF3AB2BA767710079AD53 /* MyPublisherAndSubscriberInCombine.swift */; };
		6187B6382B931F5A0059AD05 /* MyHashable.swift in Sources */ = {isa = PBXBuildFile; fileRef = 6187B6372B931F5A0059AD05 /* MyHashable.swift */; };
		6187B63A2B93585C0059AD05 /* MySortFilterAndMap.swift in Sources */ = {isa = PBXBuildFile; fileRef = 6187B6392B93585C0059AD05 /* MySortFilterAndMap.swift */; };
		6187B65B2B93B20B0059AD05 /* MyCoreData.swift in Sources */ = {isa = PBXBuildFile; fileRef = 6187B65A2B93B20B0059AD05 /* MyCoreData.swift */; };
		6187B65E2B93B32F0059AD05 /* FruitsContainer.xcdatamodeld in Sources */ = {isa = PBXBuildFile; fileRef = 6187B65C2B93B32F0059AD05 /* FruitsContainer.xcdatamodeld */; };
		6187B6602B93C3410059AD05 /* MyCoreDataRelationship.swift in Sources */ = {isa = PBXBuildFile; fileRef = 6187B65F2B93C3410059AD05 /* MyCoreDataRelationship.swift */; };
		61999EBA2B8EC6670001E1D3 /* MyScrollViewReader.swift in Sources */ = {isa = PBXBuildFile; fileRef = 61999EB92B8EC6670001E1D3 /* MyScrollViewReader.swift */; };
		61999EBC2B8ED8F00001E1D3 /* MyGeometryReader.swift in Sources */ = {isa = PBXBuildFile; fileRef = 61999EBB2B8ED8F00001E1D3 /* MyGeometryReader.swift */; };
		61999EBE2B8EDEA30001E1D3 /* MultipleSheets.swift in Sources */ = {isa = PBXBuildFile; fileRef = 61999EBD2B8EDEA30001E1D3 /* MultipleSheets.swift */; };
		61999EC02B8EE7BB0001E1D3 /* MyMask.swift in Sources */ = {isa = PBXBuildFile; fileRef = 61999EBF2B8EE7BB0001E1D3 /* MyMask.swift */; };
		61C5D1BE2B944A7D00BB2285 /* CoreDataContainer.xcdatamodeld in Sources */ = {isa = PBXBuildFile; fileRef = 61C5D1BC2B944A7D00BB2285 /* CoreDataContainer.xcdatamodeld */; };
		61D5B08B2BA5DBCA000CD376 /* MyDownloadWithEscaping.swift in Sources */ = {isa = PBXBuildFile; fileRef = 61D5B08A2BA5DBCA000CD376 /* MyDownloadWithEscaping.swift */; };
		61D5B08D2BA60002000CD376 /* MyDownloadWithCombine.swift in Sources */ = {isa = PBXBuildFile; fileRef = 61D5B08C2BA60002000CD376 /* MyDownloadWithCombine.swift */; };
		61D67C852B96BA700002D0D0 /* MyBackgroundThread.swift in Sources */ = {isa = PBXBuildFile; fileRef = 61D67C842B96BA700002D0D0 /* MyBackgroundThread.swift */; };
		61D7136C2B9A25F6007DCC76 /* MyCodable.swift in Sources */ = {isa = PBXBuildFile; fileRef = 61D7136B2B9A25F6007DCC76 /* MyCodable.swift */; };
		61D8A2772B8CCFB40077EA76 /* IntermidiateApp.swift in Sources */ = {isa = PBXBuildFile; fileRef = 61D8A2762B8CCFB40077EA76 /* IntermidiateApp.swift */; };
		61D8A2792B8CCFB40077EA76 /* ContentView.swift in Sources */ = {isa = PBXBuildFile; fileRef = 61D8A2782B8CCFB40077EA76 /* ContentView.swift */; };
		61D8A27B2B8CCFB50077EA76 /* Assets.xcassets in Resources */ = {isa = PBXBuildFile; fileRef = 61D8A27A2B8CCFB50077EA76 /* Assets.xcassets */; };
		61D8A27E2B8CCFB50077EA76 /* Preview Assets.xcassets in Resources */ = {isa = PBXBuildFile; fileRef = 61D8A27D2B8CCFB50077EA76 /* Preview Assets.xcassets */; };
		61D8A2852B8CD00F0077EA76 /* LongPressGesture.swift in Sources */ = {isa = PBXBuildFile; fileRef = 61D8A2842B8CD00F0077EA76 /* LongPressGesture.swift */; };
		61FAF17F2B8D893100443BBA /* MyDragGesture.swift in Sources */ = {isa = PBXBuildFile; fileRef = 61FAF17E2B8D893100443BBA /* MyDragGesture.swift */; };
		61FAF1812B8DB06E00443BBA /* MyDragGesture2.swift in Sources */ = {isa = PBXBuildFile; fileRef = 61FAF1802B8DB06E00443BBA /* MyDragGesture2.swift */; };
/* End PBXBuildFile section */

/* Begin PBXFileReference section */
		6100AB122B980F5B0018008B /* MyWeakSelf.swift */ = {isa = PBXFileReference; lastKnownFileType = sourcecode.swift; path = MyWeakSelf.swift; sourceTree = "<group>"; };
		6105F70E2B98F6AC00CB6F30 /* MyTypeAliase.swift */ = {isa = PBXFileReference; lastKnownFileType = sourcecode.swift; path = MyTypeAliase.swift; sourceTree = "<group>"; };
		6105F7102B98F95700CB6F30 /* MyEscapingClosures.swift */ = {isa = PBXFileReference; lastKnownFileType = sourcecode.swift; path = MyEscapingClosures.swift; sourceTree = "<group>"; };
		6110950D2B91727500895727 /* MyLocalNotification.swift */ = {isa = PBXFileReference; lastKnownFileType = sourcecode.swift; path = MyLocalNotification.swift; sourceTree = "<group>"; };
		6149161B2B902B630073A4DE /* MySounds.swift */ = {isa = PBXFileReference; lastKnownFileType = sourcecode.swift; path = MySounds.swift; sourceTree = "<group>"; };
		6149161E2B902DE50073A4DE /* tada.mp3 */ = {isa = PBXFileReference; lastKnownFileType = audio.mp3; path = tada.mp3; sourceTree = "<group>"; };
		6149161F2B902DE50073A4DE /* badum.mp3 */ = {isa = PBXFileReference; lastKnownFileType = audio.mp3; path = badum.mp3; sourceTree = "<group>"; };
		614916222B90305B0073A4DE /* MyHapticsVibration.swift */ = {isa = PBXFileReference; lastKnownFileType = sourcecode.swift; path = MyHapticsVibration.swift; sourceTree = "<group>"; };
		615CF8F92B8D067B00412066 /* MyMagnificationGesture.swift */ = {isa = PBXFileReference; lastKnownFileType = sourcecode.swift; path = MyMagnificationGesture.swift; sourceTree = "<group>"; };
		615CF8FB2B8D0F5B00412066 /* MyRotationGesture.swift */ = {isa = PBXFileReference; lastKnownFileType = sourcecode.swift; path = MyRotationGesture.swift; sourceTree = "<group>"; };
		616EF3A42BA699BF0079AD53 /* MyWrappingUIViewInSwiftUIWithCoordinator.swift */ = {isa = PBXFileReference; lastKnownFileType = sourcecode.swift; path = MyWrappingUIViewInSwiftUIWithCoordinator.swift; sourceTree = "<group>"; };
		616EF3A72BA6DAEA0079AD53 /* ImageSaver.swift */ = {isa = PBXFileReference; lastKnownFileType = sourcecode.swift; path = ImageSaver.swift; sourceTree = "<group>"; };
		616EF3A92BA722A10079AD53 /* MyTimer.swift */ = {isa = PBXFileReference; lastKnownFileType = sourcecode.swift; path = MyTimer.swift; sourceTree = "<group>"; };
		616EF3AB2BA767710079AD53 /* MyPublisherAndSubscriberInCombine.swift */ = {isa = PBXFileReference; lastKnownFileType = sourcecode.swift; path = MyPublisherAndSubscriberInCombine.swift; sourceTree = "<group>"; };
		6187B6372B931F5A0059AD05 /* MyHashable.swift */ = {isa = PBXFileReference; lastKnownFileType = sourcecode.swift; path = MyHashable.swift; sourceTree = "<group>"; };
		6187B6392B93585C0059AD05 /* MySortFilterAndMap.swift */ = {isa = PBXFileReference; lastKnownFileType = sourcecode.swift; path = MySortFilterAndMap.swift; sourceTree = "<group>"; };
		6187B65A2B93B20B0059AD05 /* MyCoreData.swift */ = {isa = PBXFileReference; lastKnownFileType = sourcecode.swift; path = MyCoreData.swift; sourceTree = "<group>"; };
		6187B65D2B93B32F0059AD05 /* FruitsContainer.xcdatamodel */ = {isa = PBXFileReference; lastKnownFileType = wrapper.xcdatamodel; path = FruitsContainer.xcdatamodel; sourceTree = "<group>"; };
		6187B65F2B93C3410059AD05 /* MyCoreDataRelationship.swift */ = {isa = PBXFileReference; lastKnownFileType = sourcecode.swift; path = MyCoreDataRelationship.swift; sourceTree = "<group>"; };
		61999EB92B8EC6670001E1D3 /* MyScrollViewReader.swift */ = {isa = PBXFileReference; lastKnownFileType = sourcecode.swift; path = MyScrollViewReader.swift; sourceTree = "<group>"; };
		61999EBB2B8ED8F00001E1D3 /* MyGeometryReader.swift */ = {isa = PBXFileReference; lastKnownFileType = sourcecode.swift; path = MyGeometryReader.swift; sourceTree = "<group>"; };
		61999EBD2B8EDEA30001E1D3 /* MultipleSheets.swift */ = {isa = PBXFileReference; lastKnownFileType = sourcecode.swift; path = MultipleSheets.swift; sourceTree = "<group>"; };
		61999EBF2B8EE7BB0001E1D3 /* MyMask.swift */ = {isa = PBXFileReference; lastKnownFileType = sourcecode.swift; path = MyMask.swift; sourceTree = "<group>"; };
		61C5D1BD2B944A7D00BB2285 /* CoreDataContainer.xcdatamodel */ = {isa = PBXFileReference; lastKnownFileType = wrapper.xcdatamodel; path = CoreDataContainer.xcdatamodel; sourceTree = "<group>"; };
		61D5B08A2BA5DBCA000CD376 /* MyDownloadWithEscaping.swift */ = {isa = PBXFileReference; lastKnownFileType = sourcecode.swift; path = MyDownloadWithEscaping.swift; sourceTree = "<group>"; };
		61D5B08C2BA60002000CD376 /* MyDownloadWithCombine.swift */ = {isa = PBXFileReference; lastKnownFileType = sourcecode.swift; path = MyDownloadWithCombine.swift; sourceTree = "<group>"; };
		61D67C842B96BA700002D0D0 /* MyBackgroundThread.swift */ = {isa = PBXFileReference; lastKnownFileType = sourcecode.swift; path = MyBackgroundThread.swift; sourceTree = "<group>"; };
		61D7136B2B9A25F6007DCC76 /* MyCodable.swift */ = {isa = PBXFileReference; lastKnownFileType = sourcecode.swift; path = MyCodable.swift; sourceTree = "<group>"; };
		61D8A2732B8CCFB40077EA76 /* Intermidiate.app */ = {isa = PBXFileReference; explicitFileType = wrapper.application; includeInIndex = 0; path = Intermidiate.app; sourceTree = BUILT_PRODUCTS_DIR; };
		61D8A2762B8CCFB40077EA76 /* IntermidiateApp.swift */ = {isa = PBXFileReference; lastKnownFileType = sourcecode.swift; path = IntermidiateApp.swift; sourceTree = "<group>"; };
		61D8A2782B8CCFB40077EA76 /* ContentView.swift */ = {isa = PBXFileReference; lastKnownFileType = sourcecode.swift; path = ContentView.swift; sourceTree = "<group>"; };
		61D8A27A2B8CCFB50077EA76 /* Assets.xcassets */ = {isa = PBXFileReference; lastKnownFileType = folder.assetcatalog; path = Assets.xcassets; sourceTree = "<group>"; };
		61D8A27D2B8CCFB50077EA76 /* Preview Assets.xcassets */ = {isa = PBXFileReference; lastKnownFileType = folder.assetcatalog; path = "Preview Assets.xcassets"; sourceTree = "<group>"; };
		61D8A2842B8CD00F0077EA76 /* LongPressGesture.swift */ = {isa = PBXFileReference; lastKnownFileType = sourcecode.swift; path = LongPressGesture.swift; sourceTree = "<group>"; };
		61FAF17E2B8D893100443BBA /* MyDragGesture.swift */ = {isa = PBXFileReference; lastKnownFileType = sourcecode.swift; path = MyDragGesture.swift; sourceTree = "<group>"; };
		61FAF1802B8DB06E00443BBA /* MyDragGesture2.swift */ = {isa = PBXFileReference; lastKnownFileType = sourcecode.swift; path = MyDragGesture2.swift; sourceTree = "<group>"; };
/* End PBXFileReference section */

/* Begin PBXFrameworksBuildPhase section */
		61D8A2702B8CCFB40077EA76 /* Frameworks */ = {
			isa = PBXFrameworksBuildPhase;
			buildActionMask = 2147483647;
			files = (
			);
			runOnlyForDeploymentPostprocessing = 0;
		};
/* End PBXFrameworksBuildPhase section */

/* Begin PBXGroup section */
		6149161D2B902DC50073A4DE /* Sounds */ = {
			isa = PBXGroup;
			children = (
				6149161F2B902DE50073A4DE /* badum.mp3 */,
				6149161E2B902DE50073A4DE /* tada.mp3 */,
			);
			path = Sounds;
			sourceTree = "<group>";
		};
		616EF3A62BA6DA750079AD53 /* UIViewControllerCoordinatorImageSave */ = {
			isa = PBXGroup;
			children = (
				616EF3A42BA699BF0079AD53 /* MyWrappingUIViewInSwiftUIWithCoordinator.swift */,
				616EF3A72BA6DAEA0079AD53 /* ImageSaver.swift */,
			);
			path = UIViewControllerCoordinatorImageSave;
			sourceTree = "<group>";
		};
		61D8A26A2B8CCFB40077EA76 = {
			isa = PBXGroup;
			children = (
				61D8A2752B8CCFB40077EA76 /* Intermidiate */,
				61D8A2742B8CCFB40077EA76 /* Products */,
			);
			sourceTree = "<group>";
		};
		61D8A2742B8CCFB40077EA76 /* Products */ = {
			isa = PBXGroup;
			children = (
				61D8A2732B8CCFB40077EA76 /* Intermidiate.app */,
			);
			name = Products;
			sourceTree = "<group>";
		};
		61D8A2752B8CCFB40077EA76 /* Intermidiate */ = {
			isa = PBXGroup;
			children = (
				61D8A2762B8CCFB40077EA76 /* IntermidiateApp.swift */,
				61D8A2782B8CCFB40077EA76 /* ContentView.swift */,
				61D8A2842B8CD00F0077EA76 /* LongPressGesture.swift */,
				615CF8F92B8D067B00412066 /* MyMagnificationGesture.swift */,
				615CF8FB2B8D0F5B00412066 /* MyRotationGesture.swift */,
				61FAF17E2B8D893100443BBA /* MyDragGesture.swift */,
				61FAF1802B8DB06E00443BBA /* MyDragGesture2.swift */,
				61999EB92B8EC6670001E1D3 /* MyScrollViewReader.swift */,
				61999EBB2B8ED8F00001E1D3 /* MyGeometryReader.swift */,
				61999EBD2B8EDEA30001E1D3 /* MultipleSheets.swift */,
				61999EBF2B8EE7BB0001E1D3 /* MyMask.swift */,
				6149161B2B902B630073A4DE /* MySounds.swift */,
				614916222B90305B0073A4DE /* MyHapticsVibration.swift */,
				6110950D2B91727500895727 /* MyLocalNotification.swift */,
				6187B6372B931F5A0059AD05 /* MyHashable.swift */,
				6187B6392B93585C0059AD05 /* MySortFilterAndMap.swift */,
				6187B65A2B93B20B0059AD05 /* MyCoreData.swift */,
				6187B65F2B93C3410059AD05 /* MyCoreDataRelationship.swift */,
				61D67C842B96BA700002D0D0 /* MyBackgroundThread.swift */,
				6100AB122B980F5B0018008B /* MyWeakSelf.swift */,
				6105F70E2B98F6AC00CB6F30 /* MyTypeAliase.swift */,
				6105F7102B98F95700CB6F30 /* MyEscapingClosures.swift */,
				61D7136B2B9A25F6007DCC76 /* MyCodable.swift */,
				61D5B08A2BA5DBCA000CD376 /* MyDownloadWithEscaping.swift */,
				61D5B08C2BA60002000CD376 /* MyDownloadWithCombine.swift */,
				616EF3A92BA722A10079AD53 /* MyTimer.swift */,
				616EF3AB2BA767710079AD53 /* MyPublisherAndSubscriberInCombine.swift */,
				616EF3A62BA6DA750079AD53 /* UIViewControllerCoordinatorImageSave */,
				61C5D1BC2B944A7D00BB2285 /* CoreDataContainer.xcdatamodeld */,
				6187B65C2B93B32F0059AD05 /* FruitsContainer.xcdatamodeld */,
				6149161D2B902DC50073A4DE /* Sounds */,
				61D8A27A2B8CCFB50077EA76 /* Assets.xcassets */,
				61D8A27C2B8CCFB50077EA76 /* Preview Content */,
			);
			path = Intermidiate;
			sourceTree = "<group>";
		};
		61D8A27C2B8CCFB50077EA76 /* Preview Content */ = {
			isa = PBXGroup;
			children = (
				61D8A27D2B8CCFB50077EA76 /* Preview Assets.xcassets */,
			);
			path = "Preview Content";
			sourceTree = "<group>";
		};
/* End PBXGroup section */

/* Begin PBXNativeTarget section */
		61D8A2722B8CCFB40077EA76 /* Intermidiate */ = {
			isa = PBXNativeTarget;
			buildConfigurationList = 61D8A2812B8CCFB50077EA76 /* Build configuration list for PBXNativeTarget "Intermidiate" */;
			buildPhases = (
				61D8A26F2B8CCFB40077EA76 /* Sources */,
				61D8A2702B8CCFB40077EA76 /* Frameworks */,
				61D8A2712B8CCFB40077EA76 /* Resources */,
			);
			buildRules = (
			);
			dependencies = (
			);
			name = Intermidiate;
			productName = Intermidiate;
			productReference = 61D8A2732B8CCFB40077EA76 /* Intermidiate.app */;
			productType = "com.apple.product-type.application";
		};
/* End PBXNativeTarget section */

/* Begin PBXProject section */
		61D8A26B2B8CCFB40077EA76 /* Project object */ = {
			isa = PBXProject;
			attributes = {
				BuildIndependentTargetsInParallel = 1;
				LastSwiftUpdateCheck = 1520;
				LastUpgradeCheck = 1520;
				TargetAttributes = {
					61D8A2722B8CCFB40077EA76 = {
						CreatedOnToolsVersion = 15.2;
					};
				};
			};
			buildConfigurationList = 61D8A26E2B8CCFB40077EA76 /* Build configuration list for PBXProject "Intermidiate" */;
			compatibilityVersion = "Xcode 14.0";
			developmentRegion = en;
			hasScannedForEncodings = 0;
			knownRegions = (
				en,
				Base,
			);
			mainGroup = 61D8A26A2B8CCFB40077EA76;
			productRefGroup = 61D8A2742B8CCFB40077EA76 /* Products */;
			projectDirPath = "";
			projectRoot = "";
			targets = (
				61D8A2722B8CCFB40077EA76 /* Intermidiate */,
			);
		};
/* End PBXProject section */

/* Begin PBXResourcesBuildPhase section */
		61D8A2712B8CCFB40077EA76 /* Resources */ = {
			isa = PBXResourcesBuildPhase;
			buildActionMask = 2147483647;
			files = (
				614916212B902DE50073A4DE /* badum.mp3 in Resources */,
				614916202B902DE50073A4DE /* tada.mp3 in Resources */,
				61D8A27E2B8CCFB50077EA76 /* Preview Assets.xcassets in Resources */,
				61D8A27B2B8CCFB50077EA76 /* Assets.xcassets in Resources */,
			);
			runOnlyForDeploymentPostprocessing = 0;
		};
/* End PBXResourcesBuildPhase section */

/* Begin PBXSourcesBuildPhase section */
		61D8A26F2B8CCFB40077EA76 /* Sources */ = {
			isa = PBXSourcesBuildPhase;
			buildActionMask = 2147483647;
			files = (
				6187B65E2B93B32F0059AD05 /* FruitsContainer.xcdatamodeld in Sources */,
				614916232B90305B0073A4DE /* MyHapticsVibration.swift in Sources */,
				6187B65B2B93B20B0059AD05 /* MyCoreData.swift in Sources */,
				6105F7112B98F95700CB6F30 /* MyEscapingClosures.swift in Sources */,
				61D8A2792B8CCFB40077EA76 /* ContentView.swift in Sources */,
				6105F70F2B98F6AC00CB6F30 /* MyTypeAliase.swift in Sources */,
				61999EC02B8EE7BB0001E1D3 /* MyMask.swift in Sources */,
				61D5B08B2BA5DBCA000CD376 /* MyDownloadWithEscaping.swift in Sources */,
				615CF8FA2B8D067B00412066 /* MyMagnificationGesture.swift in Sources */,
				6149161C2B902B630073A4DE /* MySounds.swift in Sources */,
				6187B6382B931F5A0059AD05 /* MyHashable.swift in Sources */,
				61C5D1BE2B944A7D00BB2285 /* CoreDataContainer.xcdatamodeld in Sources */,
				616EF3A82BA6DAEA0079AD53 /* ImageSaver.swift in Sources */,
				61D8A2772B8CCFB40077EA76 /* IntermidiateApp.swift in Sources */,
				61999EBE2B8EDEA30001E1D3 /* MultipleSheets.swift in Sources */,
				61D5B08D2BA60002000CD376 /* MyDownloadWithCombine.swift in Sources */,
				616EF3AC2BA767710079AD53 /* MyPublisherAndSubscriberInCombine.swift in Sources */,
				6187B63A2B93585C0059AD05 /* MySortFilterAndMap.swift in Sources */,
				61D8A2852B8CD00F0077EA76 /* LongPressGesture.swift in Sources */,
				61FAF1812B8DB06E00443BBA /* MyDragGesture2.swift in Sources */,
				616EF3AA2BA722A10079AD53 /* MyTimer.swift in Sources */,
				615CF8FC2B8D0F5B00412066 /* MyRotationGesture.swift in Sources */,
				616EF3A52BA699BF0079AD53 /* MyWrappingUIViewInSwiftUIWithCoordinator.swift in Sources */,
				6187B6602B93C3410059AD05 /* MyCoreDataRelationship.swift in Sources */,
				6110950E2B91727500895727 /* MyLocalNotification.swift in Sources */,
				61D67C852B96BA700002D0D0 /* MyBackgroundThread.swift in Sources */,
				61999EBC2B8ED8F00001E1D3 /* MyGeometryReader.swift in Sources */,
				6100AB132B980F5B0018008B /* MyWeakSelf.swift in Sources */,
				61D7136C2B9A25F6007DCC76 /* MyCodable.swift in Sources */,
				61999EBA2B8EC6670001E1D3 /* MyScrollViewReader.swift in Sources */,
				61FAF17F2B8D893100443BBA /* MyDragGesture.swift in Sources */,
			);
			runOnlyForDeploymentPostprocessing = 0;
		};
/* End PBXSourcesBuildPhase section */

/* Begin XCBuildConfiguration section */
		61D8A27F2B8CCFB50077EA76 /* Debug */ = {
			isa = XCBuildConfiguration;
			buildSettings = {
				ALWAYS_SEARCH_USER_PATHS = NO;
				ASSETCATALOG_COMPILER_GENERATE_SWIFT_ASSET_SYMBOL_EXTENSIONS = YES;
				CLANG_ANALYZER_NONNULL = YES;
				CLANG_ANALYZER_NUMBER_OBJECT_CONVERSION = YES_AGGRESSIVE;
				CLANG_CXX_LANGUAGE_STANDARD = "gnu++20";
				CLANG_ENABLE_MODULES = YES;
				CLANG_ENABLE_OBJC_ARC = YES;
				CLANG_ENABLE_OBJC_WEAK = YES;
				CLANG_WARN_BLOCK_CAPTURE_AUTORELEASING = YES;
				CLANG_WARN_BOOL_CONVERSION = YES;
				CLANG_WARN_COMMA = YES;
				CLANG_WARN_CONSTANT_CONVERSION = YES;
				CLANG_WARN_DEPRECATED_OBJC_IMPLEMENTATIONS = YES;
				CLANG_WARN_DIRECT_OBJC_ISA_USAGE = YES_ERROR;
				CLANG_WARN_DOCUMENTATION_COMMENTS = YES;
				CLANG_WARN_EMPTY_BODY = YES;
				CLANG_WARN_ENUM_CONVERSION = YES;
				CLANG_WARN_INFINITE_RECURSION = YES;
				CLANG_WARN_INT_CONVERSION = YES;
				CLANG_WARN_NON_LITERAL_NULL_CONVERSION = YES;
				CLANG_WARN_OBJC_IMPLICIT_RETAIN_SELF = YES;
				CLANG_WARN_OBJC_LITERAL_CONVERSION = YES;
				CLANG_WARN_OBJC_ROOT_CLASS = YES_ERROR;
				CLANG_WARN_QUOTED_INCLUDE_IN_FRAMEWORK_HEADER = YES;
				CLANG_WARN_RANGE_LOOP_ANALYSIS = YES;
				CLANG_WARN_STRICT_PROTOTYPES = YES;
				CLANG_WARN_SUSPICIOUS_MOVE = YES;
				CLANG_WARN_UNGUARDED_AVAILABILITY = YES_AGGRESSIVE;
				CLANG_WARN_UNREACHABLE_CODE = YES;
				CLANG_WARN__DUPLICATE_METHOD_MATCH = YES;
				COPY_PHASE_STRIP = NO;
				DEBUG_INFORMATION_FORMAT = dwarf;
				ENABLE_STRICT_OBJC_MSGSEND = YES;
				ENABLE_TESTABILITY = YES;
				ENABLE_USER_SCRIPT_SANDBOXING = YES;
				GCC_C_LANGUAGE_STANDARD = gnu17;
				GCC_DYNAMIC_NO_PIC = NO;
				GCC_NO_COMMON_BLOCKS = YES;
				GCC_OPTIMIZATION_LEVEL = 0;
				GCC_PREPROCESSOR_DEFINITIONS = (
					"DEBUG=1",
					"$(inherited)",
				);
				GCC_WARN_64_TO_32_BIT_CONVERSION = YES;
				GCC_WARN_ABOUT_RETURN_TYPE = YES_ERROR;
				GCC_WARN_UNDECLARED_SELECTOR = YES;
				GCC_WARN_UNINITIALIZED_AUTOS = YES_AGGRESSIVE;
				GCC_WARN_UNUSED_FUNCTION = YES;
				GCC_WARN_UNUSED_VARIABLE = YES;
				IPHONEOS_DEPLOYMENT_TARGET = 17.2;
				LOCALIZATION_PREFERS_STRING_CATALOGS = YES;
				MTL_ENABLE_DEBUG_INFO = INCLUDE_SOURCE;
				MTL_FAST_MATH = YES;
				ONLY_ACTIVE_ARCH = YES;
				SDKROOT = iphoneos;
				SWIFT_ACTIVE_COMPILATION_CONDITIONS = "DEBUG $(inherited)";
				SWIFT_OPTIMIZATION_LEVEL = "-Onone";
			};
			name = Debug;
		};
		61D8A2802B8CCFB50077EA76 /* Release */ = {
			isa = XCBuildConfiguration;
			buildSettings = {
				ALWAYS_SEARCH_USER_PATHS = NO;
				ASSETCATALOG_COMPILER_GENERATE_SWIFT_ASSET_SYMBOL_EXTENSIONS = YES;
				CLANG_ANALYZER_NONNULL = YES;
				CLANG_ANALYZER_NUMBER_OBJECT_CONVERSION = YES_AGGRESSIVE;
				CLANG_CXX_LANGUAGE_STANDARD = "gnu++20";
				CLANG_ENABLE_MODULES = YES;
				CLANG_ENABLE_OBJC_ARC = YES;
				CLANG_ENABLE_OBJC_WEAK = YES;
				CLANG_WARN_BLOCK_CAPTURE_AUTORELEASING = YES;
				CLANG_WARN_BOOL_CONVERSION = YES;
				CLANG_WARN_COMMA = YES;
				CLANG_WARN_CONSTANT_CONVERSION = YES;
				CLANG_WARN_DEPRECATED_OBJC_IMPLEMENTATIONS = YES;
				CLANG_WARN_DIRECT_OBJC_ISA_USAGE = YES_ERROR;
				CLANG_WARN_DOCUMENTATION_COMMENTS = YES;
				CLANG_WARN_EMPTY_BODY = YES;
				CLANG_WARN_ENUM_CONVERSION = YES;
				CLANG_WARN_INFINITE_RECURSION = YES;
				CLANG_WARN_INT_CONVERSION = YES;
				CLANG_WARN_NON_LITERAL_NULL_CONVERSION = YES;
				CLANG_WARN_OBJC_IMPLICIT_RETAIN_SELF = YES;
				CLANG_WARN_OBJC_LITERAL_CONVERSION = YES;
				CLANG_WARN_OBJC_ROOT_CLASS = YES_ERROR;
				CLANG_WARN_QUOTED_INCLUDE_IN_FRAMEWORK_HEADER = YES;
				CLANG_WARN_RANGE_LOOP_ANALYSIS = YES;
				CLANG_WARN_STRICT_PROTOTYPES = YES;
				CLANG_WARN_SUSPICIOUS_MOVE = YES;
				CLANG_WARN_UNGUARDED_AVAILABILITY = YES_AGGRESSIVE;
				CLANG_WARN_UNREACHABLE_CODE = YES;
				CLANG_WARN__DUPLICATE_METHOD_MATCH = YES;
				COPY_PHASE_STRIP = NO;
				DEBUG_INFORMATION_FORMAT = "dwarf-with-dsym";
				ENABLE_NS_ASSERTIONS = NO;
				ENABLE_STRICT_OBJC_MSGSEND = YES;
				ENABLE_USER_SCRIPT_SANDBOXING = YES;
				GCC_C_LANGUAGE_STANDARD = gnu17;
				GCC_NO_COMMON_BLOCKS = YES;
				GCC_WARN_64_TO_32_BIT_CONVERSION = YES;
				GCC_WARN_ABOUT_RETURN_TYPE = YES_ERROR;
				GCC_WARN_UNDECLARED_SELECTOR = YES;
				GCC_WARN_UNINITIALIZED_AUTOS = YES_AGGRESSIVE;
				GCC_WARN_UNUSED_FUNCTION = YES;
				GCC_WARN_UNUSED_VARIABLE = YES;
				IPHONEOS_DEPLOYMENT_TARGET = 17.2;
				LOCALIZATION_PREFERS_STRING_CATALOGS = YES;
				MTL_ENABLE_DEBUG_INFO = NO;
				MTL_FAST_MATH = YES;
				SDKROOT = iphoneos;
				SWIFT_COMPILATION_MODE = wholemodule;
				VALIDATE_PRODUCT = YES;
			};
			name = Release;
		};
		61D8A2822B8CCFB50077EA76 /* Debug */ = {
			isa = XCBuildConfiguration;
			buildSettings = {
				ASSETCATALOG_COMPILER_APPICON_NAME = AppIcon;
				ASSETCATALOG_COMPILER_GLOBAL_ACCENT_COLOR_NAME = AccentColor;
				CODE_SIGN_STYLE = Automatic;
				CURRENT_PROJECT_VERSION = 1;
				DEVELOPMENT_ASSET_PATHS = "\"Intermidiate/Preview Content\"";
				DEVELOPMENT_TEAM = BT9N2LKBZ4;
				ENABLE_PREVIEWS = YES;
				GENERATE_INFOPLIST_FILE = YES;
				INFOPLIST_KEY_NSPhotoLibraryAddUsageDescription = "We want to save your filtered photo";
				INFOPLIST_KEY_UIApplicationSceneManifest_Generation = YES;
				INFOPLIST_KEY_UIApplicationSupportsIndirectInputEvents = YES;
				INFOPLIST_KEY_UILaunchScreen_Generation = YES;
				INFOPLIST_KEY_UISupportedInterfaceOrientations_iPad = "UIInterfaceOrientationPortrait UIInterfaceOrientationPortraitUpsideDown UIInterfaceOrientationLandscapeLeft UIInterfaceOrientationLandscapeRight";
				INFOPLIST_KEY_UISupportedInterfaceOrientations_iPhone = "UIInterfaceOrientationPortrait UIInterfaceOrientationLandscapeLeft UIInterfaceOrientationLandscapeRight";
				LD_RUNPATH_SEARCH_PATHS = (
					"$(inherited)",
					"@executable_path/Frameworks",
				);
				MARKETING_VERSION = 1.0;
				PRODUCT_BUNDLE_IDENTIFIER = com.example.Intermidiate;
				PRODUCT_NAME = "$(TARGET_NAME)";
				SWIFT_EMIT_LOC_STRINGS = YES;
				SWIFT_VERSION = 5.0;
				TARGETED_DEVICE_FAMILY = "1,2";
			};
			name = Debug;
		};
		61D8A2832B8CCFB50077EA76 /* Release */ = {
			isa = XCBuildConfiguration;
			buildSettings = {
				ASSETCATALOG_COMPILER_APPICON_NAME = AppIcon;
				ASSETCATALOG_COMPILER_GLOBAL_ACCENT_COLOR_NAME = AccentColor;
				CODE_SIGN_STYLE = Automatic;
				CURRENT_PROJECT_VERSION = 1;
				DEVELOPMENT_ASSET_PATHS = "\"Intermidiate/Preview Content\"";
				DEVELOPMENT_TEAM = BT9N2LKBZ4;
				ENABLE_PREVIEWS = YES;
				GENERATE_INFOPLIST_FILE = YES;
				INFOPLIST_KEY_NSPhotoLibraryAddUsageDescription = "We want to save your filtered photo";
				INFOPLIST_KEY_UIApplicationSceneManifest_Generation = YES;
				INFOPLIST_KEY_UIApplicationSupportsIndirectInputEvents = YES;
				INFOPLIST_KEY_UILaunchScreen_Generation = YES;
				INFOPLIST_KEY_UISupportedInterfaceOrientations_iPad = "UIInterfaceOrientationPortrait UIInterfaceOrientationPortraitUpsideDown UIInterfaceOrientationLandscapeLeft UIInterfaceOrientationLandscapeRight";
				INFOPLIST_KEY_UISupportedInterfaceOrientations_iPhone = "UIInterfaceOrientationPortrait UIInterfaceOrientationLandscapeLeft UIInterfaceOrientationLandscapeRight";
				LD_RUNPATH_SEARCH_PATHS = (
					"$(inherited)",
					"@executable_path/Frameworks",
				);
				MARKETING_VERSION = 1.0;
				PRODUCT_BUNDLE_IDENTIFIER = com.example.Intermidiate;
				PRODUCT_NAME = "$(TARGET_NAME)";
				SWIFT_EMIT_LOC_STRINGS = YES;
				SWIFT_VERSION = 5.0;
				TARGETED_DEVICE_FAMILY = "1,2";
			};
			name = Release;
		};
/* End XCBuildConfiguration section */

/* Begin XCConfigurationList section */
		61D8A26E2B8CCFB40077EA76 /* Build configuration list for PBXProject "Intermidiate" */ = {
			isa = XCConfigurationList;
			buildConfigurations = (
				61D8A27F2B8CCFB50077EA76 /* Debug */,
				61D8A2802B8CCFB50077EA76 /* Release */,
			);
			defaultConfigurationIsVisible = 0;
			defaultConfigurationName = Release;
		};
		61D8A2812B8CCFB50077EA76 /* Build configuration list for PBXNativeTarget "Intermidiate" */ = {
			isa = XCConfigurationList;
			buildConfigurations = (
				61D8A2822B8CCFB50077EA76 /* Debug */,
				61D8A2832B8CCFB50077EA76 /* Release */,
			);
			defaultConfigurationIsVisible = 0;
			defaultConfigurationName = Release;
		};
/* End XCConfigurationList section */

/* Begin XCVersionGroup section */
		6187B65C2B93B32F0059AD05 /* FruitsContainer.xcdatamodeld */ = {
			isa = XCVersionGroup;
			children = (
				6187B65D2B93B32F0059AD05 /* FruitsContainer.xcdatamodel */,
			);
			currentVersion = 6187B65D2B93B32F0059AD05 /* FruitsContainer.xcdatamodel */;
			path = FruitsContainer.xcdatamodeld;
			sourceTree = "<group>";
			versionGroupType = wrapper.xcdatamodel;
		};
		61C5D1BC2B944A7D00BB2285 /* CoreDataContainer.xcdatamodeld */ = {
			isa = XCVersionGroup;
			children = (
				61C5D1BD2B944A7D00BB2285 /* CoreDataContainer.xcdatamodel */,
			);
			currentVersion = 61C5D1BD2B944A7D00BB2285 /* CoreDataContainer.xcdatamodel */;
			path = CoreDataContainer.xcdatamodeld;
			sourceTree = "<group>";
			versionGroupType = wrapper.xcdatamodel;
		};
/* End XCVersionGroup section */
	};
	rootObject = 61D8A26B2B8CCFB40077EA76 /* Project object */;
}
